
Microsoft Visual Studio Solution File, Format Version 12.00
# Visual Studio Version 17
VisualStudioVersion = 17.9.34902.65
MinimumVisualStudioVersion = 10.0.40219.1
Project("{FAE04EC0-301F-11D3-BF4B-00C04F79EFBC}") = "Walks.API", "Walks.API\Walks.API.csproj", "{BB07D20F-7EAF-44D5-88FB-B3878EC5E9B9}"
EndProject
Global
	GlobalSection(SolutionConfigurationPlatforms) = preSolution
		Debug|Any CPU = Debug|Any CPU
		Release|Any CPU = Release|Any CPU
	EndGlobalSection
	GlobalSection(ProjectConfigurationPlatforms) = postSolution
		{BB07D20F-7EAF-44D5-88FB-B3878EC5E9B9}.Debug|Any CPU.ActiveCfg = Debug|Any CPU
		{BB07D20F-7EAF-44D5-88FB-B3878EC5E9B9}.Debug|Any CPU.Build.0 = Debug|Any CPU
		{BB07D20F-7EAF-44D5-88FB-B3878EC5E9B9}.Release|Any CPU.ActiveCfg = Release|Any CPU
		{BB07D20F-7EAF-44D5-88FB-B3878EC5E9B9}.Release|Any CPU.Build.0 = Release|Any CPU
	EndGlobalSection
	GlobalSection(SolutionProperties) = preSolution
		HideSolutionNode = FALSE
	EndGlobalSection
	GlobalSection(ExtensibilityGlobals) = postSolution
		SolutionGuid = {61FD563B-402B-4D2E-938D-83E7C8A4E1EE}
	EndGlobalSection
EndGlobal
